
Microsoft Visual Studio Solution File, Format Version 12.00
# Visual Studio Version 16
VisualStudioVersion = 25.0.1704.3
MinimumVisualStudioVersion = 10.0.40219.1
Project("{FAE04EC0-301F-11D3-BF4B-00C04F79EFBC}") = "RaceTo21", "RaceTo21.csproj", "{332467CF-8722-442C-862A-560A544AB615}"
EndProject
Global
	GlobalSection(SolutionConfigurationPlatforms) = preSolution
		Debug|Any CPU = Debug|Any CPU
		Release|Any CPU = Release|Any CPU
	EndGlobalSection
	GlobalSection(ProjectConfigurationPlatforms) = postSolution
		{332467CF-8722-442C-862A-560A544AB615}.Debug|Any CPU.ActiveCfg = Debug|Any CPU
		{332467CF-8722-442C-862A-560A544AB615}.Debug|Any CPU.Build.0 = Debug|Any CPU
		{332467CF-8722-442C-862A-560A544AB615}.Release|Any CPU.ActiveCfg = Release|Any CPU
		{332467CF-8722-442C-862A-560A544AB615}.Release|Any CPU.Build.0 = Release|Any CPU
	EndGlobalSection
	GlobalSection(SolutionProperties) = preSolution
		HideSolutionNode = FALSE
	EndGlobalSection
	GlobalSection(ExtensibilityGlobals) = postSolution
		SolutionGuid = {19B1213B-6E93-4256-8811-795256FED448}
	EndGlobalSection
EndGlobal
